{
  "name": "ex1",
  "version": "1.0.0",
  "lockfileVersion": 2,
  "requires": true,
  "packages": {
    "": {
      "version": "1.0.0",
      "license": "ISC",
      "dependencies": {
        "stringy_crypto": "file:../.."
      }
    },
    "../..": {
      "version": "0.0.2",
      "license": "MPL-2.0",
      "dependencies": {
        "bson": "^4.3.0"
      },
      "devDependencies": {
        "@types/mocha": "^8.2.2",
        "@types/node": "^14.14.37",
        "mocha": "^8.3.2",
        "typescript": "^4.2.4"
      }
    },
    "node_modules/stringy_crypto": {
      "resolved": "../..",
      "link": true
    }
  },
  "dependencies": {
    "stringy_crypto": {
      "version": "file:../..",
      "requires": {
        "@types/mocha": "^8.2.2",
        "@types/node": "^14.14.37",
        "bson": "^4.3.0",
        "mocha": "^8.3.2",
        "typescript": "^4.2.4"
      }
    }
  }
}
